
Microsoft Visual Studio Solution File, Format Version 12.00
# Visual Studio Version 17
VisualStudioVersion = 17.8.34330.188
MinimumVisualStudioVersion = 10.0.40219.1
Project("{FAE04EC0-301F-11D3-BF4B-00C04F79EFBC}") = "WebAPI_Aula_Funcionarios", "WebAPI_Aula_Funcionarios\WebAPI_Aula_Funcionarios.csproj", "{EE122D22-ECA0-46DD-AFFC-B4FFFA186AA1}"
EndProject
Global
	GlobalSection(SolutionConfigurationPlatforms) = preSolution
		Debug|Any CPU = Debug|Any CPU
		Release|Any CPU = Release|Any CPU
	EndGlobalSection
	GlobalSection(ProjectConfigurationPlatforms) = postSolution
		{EE122D22-ECA0-46DD-AFFC-B4FFFA186AA1}.Debug|Any CPU.ActiveCfg = Debug|Any CPU
		{EE122D22-ECA0-46DD-AFFC-B4FFFA186AA1}.Debug|Any CPU.Build.0 = Debug|Any CPU
		{EE122D22-ECA0-46DD-AFFC-B4FFFA186AA1}.Release|Any CPU.ActiveCfg = Release|Any CPU
		{EE122D22-ECA0-46DD-AFFC-B4FFFA186AA1}.Release|Any CPU.Build.0 = Release|Any CPU
	EndGlobalSection
	GlobalSection(SolutionProperties) = preSolution
		HideSolutionNode = FALSE
	EndGlobalSection
	GlobalSection(ExtensibilityGlobals) = postSolution
		SolutionGuid = {C8DAAB73-651B-4A7F-A9E2-4E70351B2657}
	EndGlobalSection
EndGlobal
